
Microsoft Visual Studio Solution File, Format Version 12.00
# Visual Studio Version 17
VisualStudioVersion = 17.4.33205.214
MinimumVisualStudioVersion = 10.0.40219.1
Project("{FAE04EC0-301F-11D3-BF4B-00C04F79EFBC}") = "PlusService", "PlusService\PlusService.csproj", "{F6B118D5-C3A6-4DA5-A084-7169D1353971}"
EndProject
Project("{FAE04EC0-301F-11D3-BF4B-00C04F79EFBC}") = "MinusService", "MinusService\MinusService.csproj", "{F1007E79-7E92-4AB5-993B-51963D536F5D}"
EndProject
Project("{FAE04EC0-301F-11D3-BF4B-00C04F79EFBC}") = "HistoryService", "HistoryService\HistoryService.csproj", "{7B55C84F-6529-40B4-8C43-DB2442F5A47F}"
EndProject
Project("{FAE04EC0-301F-11D3-BF4B-00C04F79EFBC}") = "SharedModels", "SharedModels\SharedModels.csproj", "{692D0F60-2C06-4144-88C5-59C0DA305BD7}"
EndProject
Project("{FAE04EC0-301F-11D3-BF4B-00C04F79EFBC}") = "WebUI", "WebUI\WebUI.csproj", "{E9A1A4A8-4F3E-4A99-9E7A-E56F838A4364}"
EndProject
Global
	GlobalSection(SolutionConfigurationPlatforms) = preSolution
		Debug|Any CPU = Debug|Any CPU
		Release|Any CPU = Release|Any CPU
	EndGlobalSection
	GlobalSection(ProjectConfigurationPlatforms) = postSolution
		{F6B118D5-C3A6-4DA5-A084-7169D1353971}.Debug|Any CPU.ActiveCfg = Debug|Any CPU
		{F6B118D5-C3A6-4DA5-A084-7169D1353971}.Debug|Any CPU.Build.0 = Debug|Any CPU
		{F6B118D5-C3A6-4DA5-A084-7169D1353971}.Release|Any CPU.ActiveCfg = Release|Any CPU
		{F6B118D5-C3A6-4DA5-A084-7169D1353971}.Release|Any CPU.Build.0 = Release|Any CPU
		{F1007E79-7E92-4AB5-993B-51963D536F5D}.Debug|Any CPU.ActiveCfg = Debug|Any CPU
		{F1007E79-7E92-4AB5-993B-51963D536F5D}.Debug|Any CPU.Build.0 = Debug|Any CPU
		{F1007E79-7E92-4AB5-993B-51963D536F5D}.Release|Any CPU.ActiveCfg = Release|Any CPU
		{F1007E79-7E92-4AB5-993B-51963D536F5D}.Release|Any CPU.Build.0 = Release|Any CPU
		{7B55C84F-6529-40B4-8C43-DB2442F5A47F}.Debug|Any CPU.ActiveCfg = Debug|Any CPU
		{7B55C84F-6529-40B4-8C43-DB2442F5A47F}.Debug|Any CPU.Build.0 = Debug|Any CPU
		{7B55C84F-6529-40B4-8C43-DB2442F5A47F}.Release|Any CPU.ActiveCfg = Release|Any CPU
		{7B55C84F-6529-40B4-8C43-DB2442F5A47F}.Release|Any CPU.Build.0 = Release|Any CPU
		{692D0F60-2C06-4144-88C5-59C0DA305BD7}.Debug|Any CPU.ActiveCfg = Debug|Any CPU
		{692D0F60-2C06-4144-88C5-59C0DA305BD7}.Debug|Any CPU.Build.0 = Debug|Any CPU
		{692D0F60-2C06-4144-88C5-59C0DA305BD7}.Release|Any CPU.ActiveCfg = Release|Any CPU
		{692D0F60-2C06-4144-88C5-59C0DA305BD7}.Release|Any CPU.Build.0 = Release|Any CPU
		{E9A1A4A8-4F3E-4A99-9E7A-E56F838A4364}.Debug|Any CPU.ActiveCfg = Debug|Any CPU
		{E9A1A4A8-4F3E-4A99-9E7A-E56F838A4364}.Debug|Any CPU.Build.0 = Debug|Any CPU
		{E9A1A4A8-4F3E-4A99-9E7A-E56F838A4364}.Release|Any CPU.ActiveCfg = Release|Any CPU
		{E9A1A4A8-4F3E-4A99-9E7A-E56F838A4364}.Release|Any CPU.Build.0 = Release|Any CPU
	EndGlobalSection
	GlobalSection(SolutionProperties) = preSolution
		HideSolutionNode = FALSE
	EndGlobalSection
	GlobalSection(ExtensibilityGlobals) = postSolution
		SolutionGuid = {73FBD230-0A89-4E8D-B8A2-132C9DFAC3B1}
	EndGlobalSection
EndGlobal
