
Microsoft Visual Studio Solution File, Format Version 12.00
# Visual Studio Version 17
VisualStudioVersion = 17.4.33205.214
MinimumVisualStudioVersion = 10.0.40219.1
Project("{9A19103F-16F7-4668-BE54-9A1E7A4F7556}") = "PlusService", "PlusService\PlusService.csproj", "{F6B118D5-C3A6-4DA5-A084-7169D1353971}"
EndProject
Project("{9A19103F-16F7-4668-BE54-9A1E7A4F7556}") = "MinusService", "MinusService\MinusService.csproj", "{F1007E79-7E92-4AB5-993B-51963D536F5D}"
EndProject
Project("{9A19103F-16F7-4668-BE54-9A1E7A4F7556}") = "HistoryService", "HistoryService\HistoryService.csproj", "{7B55C84F-6529-40B4-8C43-DB2442F5A47F}"
EndProject
Project("{9A19103F-16F7-4668-BE54-9A1E7A4F7556}") = "SharedModels", "SharedModels\SharedModels.csproj", "{692D0F60-2C06-4144-88C5-59C0DA305BD7}"
EndProject
Project("{FAE04EC0-301F-11D3-BF4B-00C04F79EFBC}") = "Monitoring", "Monitoring\Monitoring.csproj", "{D1B3A253-38AB-4CD2-9F6E-AA3648CD3917}"
EndProject
Project("{2150E333-8FDC-42A3-9474-1A3956D46DE8}") = "Solution Items", "Solution Items", "{6DAC0AF8-EE98-49C8-B33C-F91CE8DA8D37}"
	ProjectSection(SolutionItems) = preProject
		docker-compose.yml = docker-compose.yml
	EndProjectSection
EndProject
Global
	GlobalSection(SolutionConfigurationPlatforms) = preSolution
		Debug|Any CPU = Debug|Any CPU
		Release|Any CPU = Release|Any CPU
	EndGlobalSection
	GlobalSection(ProjectConfigurationPlatforms) = postSolution
		{F6B118D5-C3A6-4DA5-A084-7169D1353971}.Debug|Any CPU.ActiveCfg = Debug|Any CPU
		{F6B118D5-C3A6-4DA5-A084-7169D1353971}.Debug|Any CPU.Build.0 = Debug|Any CPU
		{F6B118D5-C3A6-4DA5-A084-7169D1353971}.Release|Any CPU.ActiveCfg = Release|Any CPU
		{F6B118D5-C3A6-4DA5-A084-7169D1353971}.Release|Any CPU.Build.0 = Release|Any CPU
		{F1007E79-7E92-4AB5-993B-51963D536F5D}.Debug|Any CPU.ActiveCfg = Debug|Any CPU
		{F1007E79-7E92-4AB5-993B-51963D536F5D}.Debug|Any CPU.Build.0 = Debug|Any CPU
		{F1007E79-7E92-4AB5-993B-51963D536F5D}.Release|Any CPU.ActiveCfg = Release|Any CPU
		{F1007E79-7E92-4AB5-993B-51963D536F5D}.Release|Any CPU.Build.0 = Release|Any CPU
		{7B55C84F-6529-40B4-8C43-DB2442F5A47F}.Debug|Any CPU.ActiveCfg = Debug|Any CPU
		{7B55C84F-6529-40B4-8C43-DB2442F5A47F}.Debug|Any CPU.Build.0 = Debug|Any CPU
		{7B55C84F-6529-40B4-8C43-DB2442F5A47F}.Release|Any CPU.ActiveCfg = Release|Any CPU
		{7B55C84F-6529-40B4-8C43-DB2442F5A47F}.Release|Any CPU.Build.0 = Release|Any CPU
		{692D0F60-2C06-4144-88C5-59C0DA305BD7}.Debug|Any CPU.ActiveCfg = Debug|Any CPU
		{692D0F60-2C06-4144-88C5-59C0DA305BD7}.Debug|Any CPU.Build.0 = Debug|Any CPU
		{692D0F60-2C06-4144-88C5-59C0DA305BD7}.Release|Any CPU.ActiveCfg = Release|Any CPU
		{692D0F60-2C06-4144-88C5-59C0DA305BD7}.Release|Any CPU.Build.0 = Release|Any CPU
		{D1B3A253-38AB-4CD2-9F6E-AA3648CD3917}.Debug|Any CPU.ActiveCfg = Debug|Any CPU
		{D1B3A253-38AB-4CD2-9F6E-AA3648CD3917}.Debug|Any CPU.Build.0 = Debug|Any CPU
		{D1B3A253-38AB-4CD2-9F6E-AA3648CD3917}.Release|Any CPU.ActiveCfg = Release|Any CPU
		{D1B3A253-38AB-4CD2-9F6E-AA3648CD3917}.Release|Any CPU.Build.0 = Release|Any CPU
	EndGlobalSection
	GlobalSection(SolutionProperties) = preSolution
		HideSolutionNode = FALSE
	EndGlobalSection
	GlobalSection(ExtensibilityGlobals) = postSolution
		SolutionGuid = {73FBD230-0A89-4E8D-B8A2-132C9DFAC3B1}
	EndGlobalSection
EndGlobal
